
Microsoft Visual Studio Solution File, Format Version 12.00
# Visual Studio Version 17
VisualStudioVersion = 17.4.33213.308
MinimumVisualStudioVersion = 10.0.40219.1
Project("{FAE04EC0-301F-11D3-BF4B-00C04F79EFBC}") = "FWAiO", "FWAiO\FWAiO.csproj", "{3447102B-5ADB-4F34-8474-CB5B047180AF}"
EndProject
Global
	GlobalSection(SolutionConfigurationPlatforms) = preSolution
		Debug|Any CPU = Debug|Any CPU
		Release|Any CPU = Release|Any CPU
	EndGlobalSection
	GlobalSection(ProjectConfigurationPlatforms) = postSolution
		{3447102B-5ADB-4F34-8474-CB5B047180AF}.Debug|Any CPU.ActiveCfg = Debug|Any CPU
		{3447102B-5ADB-4F34-8474-CB5B047180AF}.Debug|Any CPU.Build.0 = Debug|Any CPU
		{3447102B-5ADB-4F34-8474-CB5B047180AF}.Release|Any CPU.ActiveCfg = Release|Any CPU
		{3447102B-5ADB-4F34-8474-CB5B047180AF}.Release|Any CPU.Build.0 = Release|Any CPU
	EndGlobalSection
	GlobalSection(SolutionProperties) = preSolution
		HideSolutionNode = FALSE
	EndGlobalSection
	GlobalSection(ExtensibilityGlobals) = postSolution
		SolutionGuid = {243E9B71-F6F0-4488-B576-DDDCBBB739FF}
	EndGlobalSection
EndGlobal
